
Microsoft Visual Studio Solution File, Format Version 12.00
# Visual Studio 2012
Project("{FAE04EC0-301F-11D3-BF4B-00C04F79EFBC}") = "CsharpSpell", "CsharpSpell\CsharpSpell.csproj", "{21E1F251-8ED4-4AA3-B723-7904EDE184EF}"
EndProject
Project("{FAE04EC0-301F-11D3-BF4B-00C04F79EFBC}") = "CsharpSpell.Tests", "CsharpSpell.Tests\CsharpSpell.Tests.csproj", "{EE373728-2A65-4FF4-B0B7-8E1933103BE5}"
EndProject
Global
	GlobalSection(SolutionConfigurationPlatforms) = preSolution
		Debug|Any CPU = Debug|Any CPU
		Release|Any CPU = Release|Any CPU
	EndGlobalSection
	GlobalSection(ProjectConfigurationPlatforms) = postSolution
		{21E1F251-8ED4-4AA3-B723-7904EDE184EF}.Debug|Any CPU.ActiveCfg = Debug|Any CPU
		{21E1F251-8ED4-4AA3-B723-7904EDE184EF}.Debug|Any CPU.Build.0 = Debug|Any CPU
		{21E1F251-8ED4-4AA3-B723-7904EDE184EF}.Release|Any CPU.ActiveCfg = Release|Any CPU
		{21E1F251-8ED4-4AA3-B723-7904EDE184EF}.Release|Any CPU.Build.0 = Release|Any CPU
		{EE373728-2A65-4FF4-B0B7-8E1933103BE5}.Debug|Any CPU.ActiveCfg = Debug|Any CPU
		{EE373728-2A65-4FF4-B0B7-8E1933103BE5}.Debug|Any CPU.Build.0 = Debug|Any CPU
		{EE373728-2A65-4FF4-B0B7-8E1933103BE5}.Release|Any CPU.ActiveCfg = Release|Any CPU
		{EE373728-2A65-4FF4-B0B7-8E1933103BE5}.Release|Any CPU.Build.0 = Release|Any CPU
	EndGlobalSection
	GlobalSection(SolutionProperties) = preSolution
		HideSolutionNode = FALSE
	EndGlobalSection
EndGlobal
